<?xml version="1.0" encoding="utf-8"?>
<Project ToolsVersion="4.0" xmlns="http://schemas.microsoft.com/developer/msbuild/2003">
  <ItemGroup>
    <Filter Include="Main">
      <UniqueIdentifier>{60303e73-da04-4447-9f7d-953f18caabc7}</UniqueIdentifier>
    </Filter>
    <Filter Include="Util">
      <UniqueIdentifier>{b2cf8307-b135-4b69-b2d7-20e917e2efe9}</UniqueIdentifier>
    </Filter>
    <Filter Include="Util\Time">
      <UniqueIdentifier>{ad4b1151-46c8-4caa-9fa9-192fa5801acd}</UniqueIdentifier>
    </Filter>
    <Filter Include="Define">
      <UniqueIdentifier>{2b639766-ba24-4a95-82b2-559a36fa9b8c}</UniqueIdentifier>
    </Filter>
    <Filter Include="Config">
      <UniqueIdentifier>{d49e6726-7aa7-422b-8228-0ee62f6a9aef}</UniqueIdentifier>
    </Filter>
    <Filter Include="Util\ini">
      <UniqueIdentifier>{3ef40a63-c60f-43a7-af5b-ed926251be15}</UniqueIdentifier>
    </Filter>
    <Filter Include="Util\String">
      <UniqueIdentifier>{93fb24b1-c09b-4651-81cc-333f0b5ad618}</UniqueIdentifier>
    </Filter>
    <Filter Include="Logger">
      <UniqueIdentifier>{f26cb8ba-8536-4f75-a624-975860a6eea8}</UniqueIdentifier>
    </Filter>
    <Filter Include="Logger\Log">
      <UniqueIdentifier>{bfa22e33-0fcd-42f2-9540-b5454a837f09}</UniqueIdentifier>
    </Filter>
    <Filter Include="Logger\Channel">
      <UniqueIdentifier>{157790c0-a5fe-4cab-b396-fe3718cf4beb}</UniqueIdentifier>
    </Filter>
    <Filter Include="ServerApp">
      <UniqueIdentifier>{62a441c5-8201-46f3-b188-131d53302ecb}</UniqueIdentifier>
    </Filter>
    <Filter Include="Util\Thread">
      <UniqueIdentifier>{cad30fbf-20f2-40c7-99dd-b6c1a5d41d41}</UniqueIdentifier>
    </Filter>
    <Filter Include="Network">
      <UniqueIdentifier>{417bb447-f1a0-4527-8264-6490acf2ea8f}</UniqueIdentifier>
    </Filter>
    <Filter Include="Protobuf">
      <UniqueIdentifier>{f6505a5a-1277-4fc1-b008-aebadf48294a}</UniqueIdentifier>
    </Filter>
    <Filter Include="Util\PacketDistributor">
      <UniqueIdentifier>{2d02c591-4c9e-4573-af74-584ee6892b58}</UniqueIdentifier>
    </Filter>
    <Filter Include="Dispatcher">
      <UniqueIdentifier>{6270ed1d-2263-4902-bd85-ef4ecdb6dd8a}</UniqueIdentifier>
    </Filter>
    <Filter Include="Logic">
      <UniqueIdentifier>{2868a39a-f821-4e66-85d4-6ab80fd524e2}</UniqueIdentifier>
    </Filter>
    <Filter Include="ProtoMemberAdapter">
      <UniqueIdentifier>{cc5a7af5-7d23-4e7a-ad85-25ce434a45ba}</UniqueIdentifier>
    </Filter>
    <Filter Include="Util\PacketLogFilter">
      <UniqueIdentifier>{53d6b315-af2a-45d5-bb48-28baaebc26c0}</UniqueIdentifier>
    </Filter>
    <Filter Include="Util\MessageDelayAlarm">
      <UniqueIdentifier>{4ea6d8b9-3c90-499f-bed6-62bcf0ac4b24}</UniqueIdentifier>
    </Filter>
    <Filter Include="Concurrent">
      <UniqueIdentifier>{9a0492f4-c9e1-4390-9fed-b294dafb1c41}</UniqueIdentifier>
    </Filter>
  </ItemGroup>
  <ItemGroup>
    <ClInclude Include="CommonPch.h">
      <Filter>Main</Filter>
    </ClInclude>
    <ClInclude Include="Singleton.h">
      <Filter>Util</Filter>
    </ClInclude>
    <ClInclude Include="THDateTime.h">
      <Filter>Util\Time</Filter>
    </ClInclude>
    <ClInclude Include="TimeUtil.h">
      <Filter>Util\Time</Filter>
    </ClInclude>
    <ClInclude Include="DefineConst.h">
      <Filter>Define</Filter>
    </ClInclude>
    <ClInclude Include="DefineType.h">
      <Filter>Define</Filter>
    </ClInclude>
    <ClInclude Include="DefineMacro.h">
      <Filter>Define</Filter>
    </ClInclude>
    <ClInclude Include="DefineEnum.h">
      <Filter>Define</Filter>
    </ClInclude>
    <ClInclude Include="LibLink.h">
      <Filter>Main</Filter>
    </ClInclude>
    <ClInclude Include="ConfigSource.h">
      <Filter>Config</Filter>
    </ClInclude>
    <ClInclude Include="Configuration.h">
      <Filter>Config</Filter>
    </ClInclude>
    <ClInclude Include="ConfigValue.h">
      <Filter>Config</Filter>
    </ClInclude>
    <ClInclude Include="IniFile.h">
      <Filter>Util\ini</Filter>
    </ClInclude>
    <ClInclude Include="IniParser.h">
      <Filter>Util\ini</Filter>
    </ClInclude>
    <ClInclude Include="IniSection.h">
      <Filter>Util\ini</Filter>
    </ClInclude>
    <ClInclude Include="IpEndPoint.h">
      <Filter>Config</Filter>
    </ClInclude>
    <ClInclude Include="FileSystem.h">
      <Filter>Config</Filter>
    </ClInclude>
    <ClInclude Include="ConnectionString.h">
      <Filter>Config</Filter>
    </ClInclude>
    <ClInclude Include="ServiceProfile.h">
      <Filter>Config</Filter>
    </ClInclude>
    <ClInclude Include="StrUtil.h">
      <Filter>Util\String</Filter>
    </ClInclude>
    <ClInclude Include="Logger.h">
      <Filter>Logger</Filter>
    </ClInclude>
    <ClInclude Include="LogFormatter.h">
      <Filter>Logger\Log</Filter>
    </ClInclude>
    <ClInclude Include="LogMacro.h">
      <Filter>Logger\Log</Filter>
    </ClInclude>
    <ClInclude Include="DualQueue.h">
      <Filter>Util</Filter>
    </ClInclude>
    <ClInclude Include="ILogChannel.h">
      <Filter>Logger\Channel</Filter>
    </ClInclude>
    <ClInclude Include="ConsoleChannel.h">
      <Filter>Logger\Channel</Filter>
    </ClInclude>
    <ClInclude Include="FileChannel.h">
      <Filter>Logger\Channel</Filter>
    </ClInclude>
    <ClInclude Include="ExternalChannel.h">
      <Filter>Logger\Channel</Filter>
    </ClInclude>
    <ClInclude Include="ServerApp.h">
      <Filter>ServerApp</Filter>
    </ClInclude>
    <ClInclude Include="ThreadCollector.h">
      <Filter>Util\Thread</Filter>
    </ClInclude>
    <ClInclude Include="Network\NetworkContext.h">
      <Filter>Network</Filter>
    </ClInclude>
    <ClInclude Include="Network\NetworkEvent.h">
      <Filter>Network</Filter>
    </ClInclude>
    <ClInclude Include="Network\NetworkHost.h">
      <Filter>Network</Filter>
    </ClInclude>
    <ClInclude Include="Network\NetworkBuffer.h">
      <Filter>Network</Filter>
    </ClInclude>
    <ClInclude Include="Network\NetworkManager.h">
      <Filter>Network</Filter>
    </ClInclude>
    <ClInclude Include="Network\NetworkTask.h">
      <Filter>Network</Filter>
    </ClInclude>
    <ClInclude Include="Network\PacketWrapper.h">
      <Filter>Network</Filter>
    </ClInclude>
    <ClInclude Include="..\..\..\Common\Tool\ProtocolGenerator\generated\enum.pb.h">
      <Filter>Protobuf</Filter>
    </ClInclude>
    <ClInclude Include="..\..\..\Common\Tool\ProtocolGenerator\generated\protocol.pb.h">
      <Filter>Protobuf</Filter>
    </ClInclude>
    <ClInclude Include="..\..\..\Common\Tool\ProtocolGenerator\generated\sprotocol.pb.h">
      <Filter>Protobuf</Filter>
    </ClInclude>
    <ClInclude Include="PacketCollector.h">
      <Filter>Util</Filter>
    </ClInclude>
    <ClInclude Include="PacketDualMap.h">
      <Filter>Util</Filter>
    </ClInclude>
    <ClInclude Include="PacketDistributor.h">
      <Filter>Util\PacketDistributor</Filter>
    </ClInclude>
    <ClInclude Include="BaseDispatcher.h">
      <Filter>Dispatcher</Filter>
    </ClInclude>
    <ClInclude Include="ILogicUnit.h">
      <Filter>Logic</Filter>
    </ClInclude>
    <ClInclude Include="LogicUnit.h">
      <Filter>Logic</Filter>
    </ClInclude>
    <ClInclude Include="LogicUnitArchive.h">
      <Filter>Logic</Filter>
    </ClInclude>
    <ClInclude Include="PlayerExecutor.h">
      <Filter>Logic</Filter>
    </ClInclude>
    <ClInclude Include="ProtoMemberAdapter.h">
      <Filter>ProtoMemberAdapter</Filter>
    </ClInclude>
    <ClInclude Include="PacketLogFilter.h">
      <Filter>Util\PacketLogFilter</Filter>
    </ClInclude>
    <ClInclude Include="LogicEventor.h">
      <Filter>Logic</Filter>
    </ClInclude>
    <ClInclude Include="SessionPlayer.h">
      <Filter>Logic</Filter>
    </ClInclude>
    <ClInclude Include="MessageDelayAlarm.h">
      <Filter>Util\MessageDelayAlarm</Filter>
    </ClInclude>
    <ClInclude Include="ConcurrentActor.h">
      <Filter>Concurrent</Filter>
    </ClInclude>
    <ClInclude Include="SharedQueue.h">
      <Filter>Util</Filter>
    </ClInclude>
    <ClInclude Include="ConcurrentActorRef.h">
      <Filter>Concurrent</Filter>
    </ClInclude>
    <ClInclude Include="ConcurrentSystem.h">
      <Filter>Concurrent</Filter>
    </ClInclude>
    <ClInclude Include="ExitEventActor.h">
      <Filter>Concurrent</Filter>
    </ClInclude>
  </ItemGroup>
  <ItemGroup>
    <ClCompile Include="CommonPch.cpp">
      <Filter>Main</Filter>
    </ClCompile>
    <ClCompile Include="TimeUtil.cpp">
      <Filter>Util\Time</Filter>
    </ClCompile>
    <ClCompile Include="Configuration.cpp">
      <Filter>Config</Filter>
    </ClCompile>
    <ClCompile Include="ConfigValue.cpp">
      <Filter>Config</Filter>
    </ClCompile>
    <ClCompile Include="ConfigSource.cpp">
      <Filter>Config</Filter>
    </ClCompile>
    <ClCompile Include="IniFile.cpp">
      <Filter>Util\ini</Filter>
    </ClCompile>
    <ClCompile Include="IniParser.cpp">
      <Filter>Util\ini</Filter>
    </ClCompile>
    <ClCompile Include="IniSection.cpp">
      <Filter>Util\ini</Filter>
    </ClCompile>
    <ClCompile Include="IpEndPoint.cpp">
      <Filter>Config</Filter>
    </ClCompile>
    <ClCompile Include="ConnectionString.cpp">
      <Filter>Config</Filter>
    </ClCompile>
    <ClCompile Include="FileSystem.cpp">
      <Filter>Config</Filter>
    </ClCompile>
    <ClCompile Include="ServiceProfile.cpp">
      <Filter>Config</Filter>
    </ClCompile>
    <ClCompile Include="StrUtil.cpp">
      <Filter>Util\String</Filter>
    </ClCompile>
    <ClCompile Include="Logger.cpp">
      <Filter>Logger</Filter>
    </ClCompile>
    <ClCompile Include="LogFormatter.cpp">
      <Filter>Logger\Log</Filter>
    </ClCompile>
    <ClCompile Include="ConsoleChannel.cpp">
      <Filter>Logger\Channel</Filter>
    </ClCompile>
    <ClCompile Include="FileChannel.cpp">
      <Filter>Logger\Channel</Filter>
    </ClCompile>
    <ClCompile Include="ExternalChannel.cpp">
      <Filter>Logger\Channel</Filter>
    </ClCompile>
    <ClCompile Include="ServerApp.cpp">
      <Filter>ServerApp</Filter>
    </ClCompile>
    <ClCompile Include="ThreadCollector.cpp">
      <Filter>Util\Thread</Filter>
    </ClCompile>
    <ClCompile Include="Network\NetworkContext.cpp">
      <Filter>Network</Filter>
    </ClCompile>
    <ClCompile Include="Network\NetworkEvent.cpp">
      <Filter>Network</Filter>
    </ClCompile>
    <ClCompile Include="Network\NetworkHost.cpp">
      <Filter>Network</Filter>
    </ClCompile>
    <ClCompile Include="Network\NetworkBuffer.cpp">
      <Filter>Network</Filter>
    </ClCompile>
    <ClCompile Include="Network\NetworkManager.cpp">
      <Filter>Network</Filter>
    </ClCompile>
    <ClCompile Include="Network\NetworkTask.cpp">
      <Filter>Network</Filter>
    </ClCompile>
    <ClCompile Include="..\..\..\Common\Tool\ProtocolGenerator\generated\enum.pb.cc">
      <Filter>Protobuf</Filter>
    </ClCompile>
    <ClCompile Include="..\..\..\Common\Tool\ProtocolGenerator\generated\protocol.pb.cc">
      <Filter>Protobuf</Filter>
    </ClCompile>
    <ClCompile Include="..\..\..\Common\Tool\ProtocolGenerator\generated\sprotocol.pb.cc">
      <Filter>Protobuf</Filter>
    </ClCompile>
    <ClCompile Include="PacketDistributor.cpp">
      <Filter>Util\PacketDistributor</Filter>
    </ClCompile>
    <ClCompile Include="BaseDispatcher.cpp">
      <Filter>Dispatcher</Filter>
    </ClCompile>
    <ClCompile Include="LogicUnit.cpp">
      <Filter>Logic</Filter>
    </ClCompile>
    <ClCompile Include="LogicUnitArchive.cpp">
      <Filter>Logic</Filter>
    </ClCompile>
    <ClCompile Include="PlayerExecutor.cpp">
      <Filter>Logic</Filter>
    </ClCompile>
    <ClCompile Include="ProtoMemberAdapter.cpp">
      <Filter>ProtoMemberAdapter</Filter>
    </ClCompile>
    <ClCompile Include="PacketLogFilter.cpp">
      <Filter>Util\PacketLogFilter</Filter>
    </ClCompile>
    <ClCompile Include="LogicEventor.cpp">
      <Filter>Logic</Filter>
    </ClCompile>
    <ClCompile Include="MessageDelayAlarm.cpp">
      <Filter>Util\MessageDelayAlarm</Filter>
    </ClCompile>
    <ClCompile Include="ConcurrentActor.cpp">
      <Filter>Concurrent</Filter>
    </ClCompile>
    <ClCompile Include="ConcurrentActorRef.cpp">
      <Filter>Concurrent</Filter>
    </ClCompile>
    <ClCompile Include="ConcurrentSystem.cpp">
      <Filter>Concurrent</Filter>
    </ClCompile>
  </ItemGroup>
  <ItemGroup>
    <None Include="..\..\..\Common\Tool\ProtocolGenerator\protos\protocol.proto">
      <Filter>Protobuf</Filter>
    </None>
    <None Include="..\..\..\Common\Tool\ProtocolGenerator\protos\sprotocol.proto">
      <Filter>Protobuf</Filter>
    </None>
    <None Include="..\..\..\Common\Tool\ProtocolGenerator\protos\enum.proto">
      <Filter>Protobuf</Filter>
    </None>
  </ItemGroup>
</Project>