<?xml version="1.0" encoding="utf-8"?>
<Project ToolsVersion="4.0" xmlns="http://schemas.microsoft.com/developer/msbuild/2003">
  <ItemGroup>
    <Filter Include="Main">
      <UniqueIdentifier>{60303e73-da04-4447-9f7d-953f18caabc7}</UniqueIdentifier>
    </Filter>
    <Filter Include="Util">
      <UniqueIdentifier>{b2cf8307-b135-4b69-b2d7-20e917e2efe9}</UniqueIdentifier>
    </Filter>
    <Filter Include="Util\Time">
      <UniqueIdentifier>{ad4b1151-46c8-4caa-9fa9-192fa5801acd}</UniqueIdentifier>
    </Filter>
    <Filter Include="Define">
      <UniqueIdentifier>{2b639766-ba24-4a95-82b2-559a36fa9b8c}</UniqueIdentifier>
    </Filter>
    <Filter Include="Config">
      <UniqueIdentifier>{d49e6726-7aa7-422b-8228-0ee62f6a9aef}</UniqueIdentifier>
    </Filter>
    <Filter Include="Util\ini">
      <UniqueIdentifier>{3ef40a63-c60f-43a7-af5b-ed926251be15}</UniqueIdentifier>
    </Filter>
    <Filter Include="Util\String">
      <UniqueIdentifier>{93fb24b1-c09b-4651-81cc-333f0b5ad618}</UniqueIdentifier>
    </Filter>
    <Filter Include="Logger">
      <UniqueIdentifier>{f26cb8ba-8536-4f75-a624-975860a6eea8}</UniqueIdentifier>
    </Filter>
    <Filter Include="Logger\Log">
      <UniqueIdentifier>{bfa22e33-0fcd-42f2-9540-b5454a837f09}</UniqueIdentifier>
    </Filter>
    <Filter Include="Logger\Channel">
      <UniqueIdentifier>{157790c0-a5fe-4cab-b396-fe3718cf4beb}</UniqueIdentifier>
    </Filter>
  </ItemGroup>
  <ItemGroup>
    <ClInclude Include="CommonPch.h">
      <Filter>Main</Filter>
    </ClInclude>
    <ClInclude Include="Singleton.h">
      <Filter>Util</Filter>
    </ClInclude>
    <ClInclude Include="THDateTime.h">
      <Filter>Util\Time</Filter>
    </ClInclude>
    <ClInclude Include="TimeUtil.h">
      <Filter>Util\Time</Filter>
    </ClInclude>
    <ClInclude Include="DefineConst.h">
      <Filter>Define</Filter>
    </ClInclude>
    <ClInclude Include="DefineType.h">
      <Filter>Define</Filter>
    </ClInclude>
    <ClInclude Include="DefineMacro.h">
      <Filter>Define</Filter>
    </ClInclude>
    <ClInclude Include="DefineEnum.h">
      <Filter>Define</Filter>
    </ClInclude>
    <ClInclude Include="LibLink.h">
      <Filter>Main</Filter>
    </ClInclude>
    <ClInclude Include="ConfigSource.h">
      <Filter>Config</Filter>
    </ClInclude>
    <ClInclude Include="Configuration.h">
      <Filter>Config</Filter>
    </ClInclude>
    <ClInclude Include="ConfigValue.h">
      <Filter>Config</Filter>
    </ClInclude>
    <ClInclude Include="IniFile.h">
      <Filter>Util\ini</Filter>
    </ClInclude>
    <ClInclude Include="IniParser.h">
      <Filter>Util\ini</Filter>
    </ClInclude>
    <ClInclude Include="IniSection.h">
      <Filter>Util\ini</Filter>
    </ClInclude>
    <ClInclude Include="IpEndPoint.h">
      <Filter>Config</Filter>
    </ClInclude>
    <ClInclude Include="FileSystem.h">
      <Filter>Config</Filter>
    </ClInclude>
    <ClInclude Include="ConnectionString.h">
      <Filter>Config</Filter>
    </ClInclude>
    <ClInclude Include="ServiceProfile.h">
      <Filter>Config</Filter>
    </ClInclude>
    <ClInclude Include="StrUtil.h">
      <Filter>Util\String</Filter>
    </ClInclude>
    <ClInclude Include="Logger.h">
      <Filter>Logger</Filter>
    </ClInclude>
    <ClInclude Include="LogFormatter.h">
      <Filter>Logger\Log</Filter>
    </ClInclude>
    <ClInclude Include="LogMacro.h">
      <Filter>Logger\Log</Filter>
    </ClInclude>
    <ClInclude Include="DualQueue.h">
      <Filter>Util</Filter>
    </ClInclude>
    <ClInclude Include="ILogChannel.h">
      <Filter>Logger\Channel</Filter>
    </ClInclude>
    <ClInclude Include="ConsoleChannel.h">
      <Filter>Logger\Channel</Filter>
    </ClInclude>
    <ClInclude Include="FileChannel.h">
      <Filter>Logger\Channel</Filter>
    </ClInclude>
    <ClInclude Include="ExternalChannel.h">
      <Filter>Logger\Channel</Filter>
    </ClInclude>
  </ItemGroup>
  <ItemGroup>
    <ClCompile Include="CommonPch.cpp">
      <Filter>Main</Filter>
    </ClCompile>
    <ClCompile Include="TimeUtil.cpp">
      <Filter>Util\Time</Filter>
    </ClCompile>
    <ClCompile Include="Configuration.cpp">
      <Filter>Config</Filter>
    </ClCompile>
    <ClCompile Include="ConfigValue.cpp">
      <Filter>Config</Filter>
    </ClCompile>
    <ClCompile Include="ConfigSource.cpp">
      <Filter>Config</Filter>
    </ClCompile>
    <ClCompile Include="IniFile.cpp">
      <Filter>Util\ini</Filter>
    </ClCompile>
    <ClCompile Include="IniParser.cpp">
      <Filter>Util\ini</Filter>
    </ClCompile>
    <ClCompile Include="IniSection.cpp">
      <Filter>Util\ini</Filter>
    </ClCompile>
    <ClCompile Include="IpEndPoint.cpp">
      <Filter>Config</Filter>
    </ClCompile>
    <ClCompile Include="ConnectionString.cpp">
      <Filter>Config</Filter>
    </ClCompile>
    <ClCompile Include="FileSystem.cpp">
      <Filter>Config</Filter>
    </ClCompile>
    <ClCompile Include="ServiceProfile.cpp">
      <Filter>Config</Filter>
    </ClCompile>
    <ClCompile Include="StrUtil.cpp">
      <Filter>Util\String</Filter>
    </ClCompile>
    <ClCompile Include="Logger.cpp">
      <Filter>Logger</Filter>
    </ClCompile>
    <ClCompile Include="LogFormatter.cpp">
      <Filter>Logger\Log</Filter>
    </ClCompile>
    <ClCompile Include="ConsoleChannel.cpp">
      <Filter>Logger\Channel</Filter>
    </ClCompile>
    <ClCompile Include="FileChannel.cpp">
      <Filter>Logger\Channel</Filter>
    </ClCompile>
    <ClCompile Include="ExternalChannel.cpp">
      <Filter>Logger\Channel</Filter>
    </ClCompile>
  </ItemGroup>
</Project>