<?xml version="1.0" encoding="utf-8"?>
<Project ToolsVersion="4.0" xmlns="http://schemas.microsoft.com/developer/msbuild/2003">
  <ItemGroup>
    <Filter Include="Main">
      <UniqueIdentifier>{18dbb804-e23d-40f5-8ca6-c0b685f4d364}</UniqueIdentifier>
    </Filter>
    <Filter Include="ServerApp">
      <UniqueIdentifier>{b9169aac-9e67-454c-aae4-83d4ff3074e1}</UniqueIdentifier>
    </Filter>
    <Filter Include="OutGame">
      <UniqueIdentifier>{f15b1da3-6ef5-43df-85a4-c6cbd35750d7}</UniqueIdentifier>
    </Filter>
  </ItemGroup>
  <ItemGroup>
    <ClCompile Include="main.cpp">
      <Filter>Main</Filter>
    </ClCompile>
    <ClCompile Include="GamePch.cpp">
      <Filter>Main</Filter>
    </ClCompile>
    <ClCompile Include="GameServerApp.cpp">
      <Filter>ServerApp</Filter>
    </ClCompile>
    <ClCompile Include="OutGameService.cpp">
      <Filter>OutGame</Filter>
    </ClCompile>
  </ItemGroup>
  <ItemGroup>
    <ClInclude Include="GamePch.h">
      <Filter>Main</Filter>
    </ClInclude>
    <ClInclude Include="GameServerApp.h">
      <Filter>ServerApp</Filter>
    </ClInclude>
    <ClInclude Include="OutGameService.h">
      <Filter>OutGame</Filter>
    </ClInclude>
  </ItemGroup>
</Project>